Microsoft Visual Studio Solution File, Format Version 11.00
# Visual Studio 2010
Project("{8BC9CEB8-8B4A-11D0-8D11-00A0C91BC942}") = "log4cpp", "log4cpp\log4cpp.vcxproj", "{8C796FDD-5BB9-41D5-8471-DDC897C8C486}"
EndProject
Project("{8BC9CEB8-8B4A-11D0-8D11-00A0C91BC942}") = "testCategory", "testCategory\testCategory.vcxproj", "{884C4574-19AA-1FDA-CD2D-6D1629FB6001}"
EndProject
Project("{8BC9CEB8-8B4A-11D0-8D11-00A0C91BC942}") = "testRollingFileAppender", "testRollingFileAppender\testRollingFileAppender.vcxproj", "{F45A3378-C121-4E8E-2848-A69E58ABE137}"
EndProject
Project("{8BC9CEB8-8B4A-11D0-8D11-00A0C91BC942}") = "testDailyRollingFileAppender", "testDailyRollingFileAppender\testDailyRollingFileAppender.vcxproj", "{CA11C453-849C-C026-E76A-F9FF02960DDA}"
EndProject
Project("{8BC9CEB8-8B4A-11D0-8D11-00A0C91BC942}") = "testDLL", "testDLL\testDLL.vcxproj", "{C5390F16-1330-59F8-434E-697EA0B8F6BC}"
EndProject
Project("{8BC9CEB8-8B4A-11D0-8D11-00A0C91BC942}") = "testNDC", "testNDC\testNDC.vcxproj", "{9C77D55E-171D-E671-B10D-8E34EEAC8141}"
EndProject
Project("{8BC9CEB8-8B4A-11D0-8D11-00A0C91BC942}") = "testNTEventLog", "testNTEventLog\testNTEventLog.vcxproj", "{ACECC123-A9CA-FBCF-545E-0D26434E1D92}"
EndProject
Project("{8BC9CEB8-8B4A-11D0-8D11-00A0C91BC942}") = "testPattern", "testPattern\testPattern.vcxproj", "{37B84E87-B23C-EA1C-A056-FCFEF49DAF7C}"
EndProject
Project("{8BC9CEB8-8B4A-11D0-8D11-00A0C91BC942}") = "testPropConfig", "testPropConfig\testPropConfig.vcxproj", "{86C30499-C6FC-D8B4-B0BD-0ACA1D59B431}"
EndProject
Project("{8BC9CEB8-8B4A-11D0-8D11-00A0C91BC942}") = "unitest", "unitest\unitest.vcxproj", "{C4153B21-4C1F-4B42-9D70-C3C31D75BDF3}"
EndProject
Global
	GlobalSection(SolutionConfigurationPlatforms) = preSolution
		Debug with Boost|Win32 = Debug with Boost|Win32
		Debug|Win32 = Debug|Win32
		Release with Boost|Win32 = Release with Boost|Win32
		Release|Win32 = Release|Win32
	EndGlobalSection
	GlobalSection(ProjectConfigurationPlatforms) = postSolution
		{8C796FDD-5BB9-41D5-8471-DDC897C8C486}.Debug with Boost|Win32.ActiveCfg = Debug with Boost|Win32
		{8C796FDD-5BB9-41D5-8471-DDC897C8C486}.Debug with Boost|Win32.Build.0 = Debug with Boost|Win32
		{8C796FDD-5BB9-41D5-8471-DDC897C8C486}.Debug|Win32.ActiveCfg = Debug|Win32
		{8C796FDD-5BB9-41D5-8471-DDC897C8C486}.Release with Boost|Win32.ActiveCfg = Release with Boost|Win32
		{8C796FDD-5BB9-41D5-8471-DDC897C8C486}.Release with Boost|Win32.Build.0 = Release with Boost|Win32
		{8C796FDD-5BB9-41D5-8471-DDC897C8C486}.Release|Win32.ActiveCfg = Release|Win32
		{884C4574-19AA-1FDA-CD2D-6D1629FB6001}.Debug with Boost|Win32.ActiveCfg = Debug|Win32
		{884C4574-19AA-1FDA-CD2D-6D1629FB6001}.Debug with Boost|Win32.Build.0 = Debug|Win32
		{884C4574-19AA-1FDA-CD2D-6D1629FB6001}.Debug|Win32.ActiveCfg = Debug|Win32
		{884C4574-19AA-1FDA-CD2D-6D1629FB6001}.Release with Boost|Win32.ActiveCfg = Release|Win32
		{884C4574-19AA-1FDA-CD2D-6D1629FB6001}.Release with Boost|Win32.Build.0 = Release|Win32
		{884C4574-19AA-1FDA-CD2D-6D1629FB6001}.Release|Win32.ActiveCfg = Release|Win32
		{F45A3378-C121-4E8E-2848-A69E58ABE137}.Debug with Boost|Win32.ActiveCfg = Debug|Win32
		{F45A3378-C121-4E8E-2848-A69E58ABE137}.Debug|Win32.ActiveCfg = Debug|Win32
		{F45A3378-C121-4E8E-2848-A69E58ABE137}.Release with Boost|Win32.ActiveCfg = Release|Win32
		{F45A3378-C121-4E8E-2848-A69E58ABE137}.Release|Win32.ActiveCfg = Release|Win32
		{CA11C453-849C-C026-E76A-F9FF02960DDA}.Debug with Boost|Win32.ActiveCfg = Debug|Win32
		{CA11C453-849C-C026-E76A-F9FF02960DDA}.Debug|Win32.ActiveCfg = Debug|Win32
		{CA11C453-849C-C026-E76A-F9FF02960DDA}.Release with Boost|Win32.ActiveCfg = Release|Win32
		{CA11C453-849C-C026-E76A-F9FF02960DDA}.Release|Win32.ActiveCfg = Release|Win32
		{C5390F16-1330-59F8-434E-697EA0B8F6BC}.Debug with Boost|Win32.ActiveCfg = Debug|Win32
		{C5390F16-1330-59F8-434E-697EA0B8F6BC}.Debug with Boost|Win32.Build.0 = Debug|Win32
		{C5390F16-1330-59F8-434E-697EA0B8F6BC}.Debug|Win32.ActiveCfg = Debug|Win32
		{C5390F16-1330-59F8-434E-697EA0B8F6BC}.Release with Boost|Win32.ActiveCfg = Release|Win32
		{C5390F16-1330-59F8-434E-697EA0B8F6BC}.Release with Boost|Win32.Build.0 = Release|Win32
		{C5390F16-1330-59F8-434E-697EA0B8F6BC}.Release|Win32.ActiveCfg = Release|Win32
		{9C77D55E-171D-E671-B10D-8E34EEAC8141}.Debug with Boost|Win32.ActiveCfg = Debug|Win32
		{9C77D55E-171D-E671-B10D-8E34EEAC8141}.Debug with Boost|Win32.Build.0 = Debug|Win32
		{9C77D55E-171D-E671-B10D-8E34EEAC8141}.Debug|Win32.ActiveCfg = Debug|Win32
		{9C77D55E-171D-E671-B10D-8E34EEAC8141}.Release with Boost|Win32.ActiveCfg = Release|Win32
		{9C77D55E-171D-E671-B10D-8E34EEAC8141}.Release with Boost|Win32.Build.0 = Release|Win32
		{9C77D55E-171D-E671-B10D-8E34EEAC8141}.Release|Win32.ActiveCfg = Release|Win32
		{ACECC123-A9CA-FBCF-545E-0D26434E1D92}.Debug with Boost|Win32.ActiveCfg = Debug|Win32
		{ACECC123-A9CA-FBCF-545E-0D26434E1D92}.Debug with Boost|Win32.Build.0 = Debug|Win32
		{ACECC123-A9CA-FBCF-545E-0D26434E1D92}.Debug|Win32.ActiveCfg = Debug|Win32
		{ACECC123-A9CA-FBCF-545E-0D26434E1D92}.Release with Boost|Win32.ActiveCfg = Release|Win32
		{ACECC123-A9CA-FBCF-545E-0D26434E1D92}.Release with Boost|Win32.Build.0 = Release|Win32
		{ACECC123-A9CA-FBCF-545E-0D26434E1D92}.Release|Win32.ActiveCfg = Release|Win32
		{37B84E87-B23C-EA1C-A056-FCFEF49DAF7C}.Debug with Boost|Win32.ActiveCfg = Debug|Win32
		{37B84E87-B23C-EA1C-A056-FCFEF49DAF7C}.Debug with Boost|Win32.Build.0 = Debug|Win32
		{37B84E87-B23C-EA1C-A056-FCFEF49DAF7C}.Debug|Win32.ActiveCfg = Debug|Win32
		{37B84E87-B23C-EA1C-A056-FCFEF49DAF7C}.Release with Boost|Win32.ActiveCfg = Release|Win32
		{37B84E87-B23C-EA1C-A056-FCFEF49DAF7C}.Release with Boost|Win32.Build.0 = Release|Win32
		{37B84E87-B23C-EA1C-A056-FCFEF49DAF7C}.Release|Win32.ActiveCfg = Release|Win32
		{86C30499-C6FC-D8B4-B0BD-0ACA1D59B431}.Debug with Boost|Win32.ActiveCfg = Debug|Win32
		{86C30499-C6FC-D8B4-B0BD-0ACA1D59B431}.Debug with Boost|Win32.Build.0 = Debug|Win32
		{86C30499-C6FC-D8B4-B0BD-0ACA1D59B431}.Debug|Win32.ActiveCfg = Debug|Win32
		{86C30499-C6FC-D8B4-B0BD-0ACA1D59B431}.Release with Boost|Win32.ActiveCfg = Release|Win32
		{86C30499-C6FC-D8B4-B0BD-0ACA1D59B431}.Release with Boost|Win32.Build.0 = Release|Win32
		{86C30499-C6FC-D8B4-B0BD-0ACA1D59B431}.Release|Win32.ActiveCfg = Release|Win32
		{C4153B21-4C1F-4B42-9D70-C3C31D75BDF3}.Debug with Boost|Win32.ActiveCfg = Debug|Win32
		{C4153B21-4C1F-4B42-9D70-C3C31D75BDF3}.Debug with Boost|Win32.Build.0 = Debug|Win32
		{C4153B21-4C1F-4B42-9D70-C3C31D75BDF3}.Debug|Win32.ActiveCfg = Debug|Win32
		{C4153B21-4C1F-4B42-9D70-C3C31D75BDF3}.Debug|Win32.Build.0 = Debug|Win32
		{C4153B21-4C1F-4B42-9D70-C3C31D75BDF3}.Release with Boost|Win32.ActiveCfg = Release|Win32
		{C4153B21-4C1F-4B42-9D70-C3C31D75BDF3}.Release with Boost|Win32.Build.0 = Release|Win32
		{C4153B21-4C1F-4B42-9D70-C3C31D75BDF3}.Release|Win32.ActiveCfg = Release|Win32
		{C4153B21-4C1F-4B42-9D70-C3C31D75BDF3}.Release|Win32.Build.0 = Release|Win32
	EndGlobalSection
	GlobalSection(SolutionProperties) = preSolution
		HideSolutionNode = FALSE
	EndGlobalSection
EndGlobal
