Microsoft Visual Studio Solution File, Format Version 11.00
# Visual Studio 2010
Project("{8BC9CEB8-8B4A-11D0-8D11-00A0C91BC942}") = "log4cpp", "log4cpp\log4cpp.vcxproj", "{8C796FDD-5BB9-41D5-8471-DDC897C8C486}"
EndProject
Project("{8BC9CEB8-8B4A-11D0-8D11-00A0C91BC942}") = "testCategory", "testCategory\testCategory.vcxproj", "{BEC75630-95D6-F15C-12C2-DA3AD1A4456D}"
EndProject
Project("{8BC9CEB8-8B4A-11D0-8D11-00A0C91BC942}") = "testRollingFileAppender", "testRollingFileAppender\testRollingFileAppender.vcxproj", "{66F190CD-A429-CEF4-3F9A-760779F25D94}"
EndProject
Project("{8BC9CEB8-8B4A-11D0-8D11-00A0C91BC942}") = "testDailyRollingFileAppender", "testDailyRollingFileAppender\testDailyRollingFileAppender.vcxproj", "{454092C4-82D6-4574-8819-C518A0734B3B}"
EndProject
Project("{8BC9CEB8-8B4A-11D0-8D11-00A0C91BC942}") = "testDLL", "testDLL\testDLL.vcxproj", "{E256E57A-9255-2563-47E4-81FEDA6EAF87}"
EndProject
Project("{8BC9CEB8-8B4A-11D0-8D11-00A0C91BC942}") = "testNDC", "testNDC\testNDC.vcxproj", "{4B0CF81A-3AFA-0C31-3889-BCA728B97C14}"
EndProject
Project("{8BC9CEB8-8B4A-11D0-8D11-00A0C91BC942}") = "testNTEventLog", "testNTEventLog\testNTEventLog.vcxproj", "{5B7909F5-FC5B-2682-FA9F-5992493A3CAD}"
EndProject
Project("{8BC9CEB8-8B4A-11D0-8D11-00A0C91BC942}") = "testPattern", "testPattern\testPattern.vcxproj", "{39BD1AEC-87C5-6646-C495-DB7AB1DAA105}"
EndProject
Project("{8BC9CEB8-8B4A-11D0-8D11-00A0C91BC942}") = "testPropConfig", "testPropConfig\testPropConfig.vcxproj", "{4B6583E3-D36D-BF53-3976-936675F34426}"
EndProject
Project("{8BC9CEB8-8B4A-11D0-8D11-00A0C91BC942}") = "unitest", "unitest\unitest.vcxproj", "{C4153B21-4C1F-4B42-9D70-C3C31D75BDF3}"
EndProject
Project("{8BC9CEB8-8B4A-11D0-8D11-00A0C91BC942}") = "log4cppRunnable", "log4cppRunnable\log4cppRunnable.vcxproj", "{8C796FDD-5BB9-41D5-8471-FFC897C8C486}"
EndProject
Global
	GlobalSection(SolutionConfigurationPlatforms) = preSolution
		Debug with Boost|Win32 = Debug with Boost|Win32
		Debug|Win32 = Debug|Win32
		Release with Boost|Win32 = Release with Boost|Win32
		Release|Win32 = Release|Win32
	EndGlobalSection
	GlobalSection(ProjectConfigurationPlatforms) = postSolution
		{8C796FDD-5BB9-41D5-8471-DDC897C8C486}.Debug with Boost|Win32.ActiveCfg = Debug with Boost|Win32
		{8C796FDD-5BB9-41D5-8471-DDC897C8C486}.Debug with Boost|Win32.Build.0 = Debug with Boost|Win32
		{8C796FDD-5BB9-41D5-8471-DDC897C8C486}.Debug|Win32.ActiveCfg = Debug|Win32
		{8C796FDD-5BB9-41D5-8471-DDC897C8C486}.Release with Boost|Win32.ActiveCfg = Release with Boost|Win32
		{8C796FDD-5BB9-41D5-8471-DDC897C8C486}.Release with Boost|Win32.Build.0 = Release with Boost|Win32
		{8C796FDD-5BB9-41D5-8471-DDC897C8C486}.Release|Win32.ActiveCfg = Release|Win32
		{BEC75630-95D6-F15C-12C2-DA3AD1A4456D}.Debug with Boost|Win32.ActiveCfg = Debug|Win32
		{BEC75630-95D6-F15C-12C2-DA3AD1A4456D}.Debug with Boost|Win32.Build.0 = Debug|Win32
		{BEC75630-95D6-F15C-12C2-DA3AD1A4456D}.Debug|Win32.ActiveCfg = Debug|Win32
		{BEC75630-95D6-F15C-12C2-DA3AD1A4456D}.Release with Boost|Win32.ActiveCfg = Release|Win32
		{BEC75630-95D6-F15C-12C2-DA3AD1A4456D}.Release with Boost|Win32.Build.0 = Release|Win32
		{BEC75630-95D6-F15C-12C2-DA3AD1A4456D}.Release|Win32.ActiveCfg = Release|Win32
		{66F190CD-A429-CEF4-3F9A-760779F25D94}.Debug with Boost|Win32.ActiveCfg = Debug|Win32
		{66F190CD-A429-CEF4-3F9A-760779F25D94}.Debug|Win32.ActiveCfg = Debug|Win32
		{66F190CD-A429-CEF4-3F9A-760779F25D94}.Release with Boost|Win32.ActiveCfg = Release|Win32
		{66F190CD-A429-CEF4-3F9A-760779F25D94}.Release|Win32.ActiveCfg = Release|Win32
		{454092C4-82D6-4574-8819-C518A0734B3B}.Debug with Boost|Win32.ActiveCfg = Debug|Win32
		{454092C4-82D6-4574-8819-C518A0734B3B}.Debug|Win32.ActiveCfg = Debug|Win32
		{454092C4-82D6-4574-8819-C518A0734B3B}.Release with Boost|Win32.ActiveCfg = Release|Win32
		{454092C4-82D6-4574-8819-C518A0734B3B}.Release|Win32.ActiveCfg = Release|Win32
		{E256E57A-9255-2563-47E4-81FEDA6EAF87}.Debug with Boost|Win32.ActiveCfg = Debug|Win32
		{E256E57A-9255-2563-47E4-81FEDA6EAF87}.Debug with Boost|Win32.Build.0 = Debug|Win32
		{E256E57A-9255-2563-47E4-81FEDA6EAF87}.Debug|Win32.ActiveCfg = Debug|Win32
		{E256E57A-9255-2563-47E4-81FEDA6EAF87}.Release with Boost|Win32.ActiveCfg = Release|Win32
		{E256E57A-9255-2563-47E4-81FEDA6EAF87}.Release with Boost|Win32.Build.0 = Release|Win32
		{E256E57A-9255-2563-47E4-81FEDA6EAF87}.Release|Win32.ActiveCfg = Release|Win32
		{4B0CF81A-3AFA-0C31-3889-BCA728B97C14}.Debug with Boost|Win32.ActiveCfg = Debug|Win32
		{4B0CF81A-3AFA-0C31-3889-BCA728B97C14}.Debug with Boost|Win32.Build.0 = Debug|Win32
		{4B0CF81A-3AFA-0C31-3889-BCA728B97C14}.Debug|Win32.ActiveCfg = Debug|Win32
		{4B0CF81A-3AFA-0C31-3889-BCA728B97C14}.Release with Boost|Win32.ActiveCfg = Release|Win32
		{4B0CF81A-3AFA-0C31-3889-BCA728B97C14}.Release with Boost|Win32.Build.0 = Release|Win32
		{4B0CF81A-3AFA-0C31-3889-BCA728B97C14}.Release|Win32.ActiveCfg = Release|Win32
		{5B7909F5-FC5B-2682-FA9F-5992493A3CAD}.Debug with Boost|Win32.ActiveCfg = Debug|Win32
		{5B7909F5-FC5B-2682-FA9F-5992493A3CAD}.Debug with Boost|Win32.Build.0 = Debug|Win32
		{5B7909F5-FC5B-2682-FA9F-5992493A3CAD}.Debug|Win32.ActiveCfg = Debug|Win32
		{5B7909F5-FC5B-2682-FA9F-5992493A3CAD}.Release with Boost|Win32.ActiveCfg = Release|Win32
		{5B7909F5-FC5B-2682-FA9F-5992493A3CAD}.Release with Boost|Win32.Build.0 = Release|Win32
		{5B7909F5-FC5B-2682-FA9F-5992493A3CAD}.Release|Win32.ActiveCfg = Release|Win32
		{39BD1AEC-87C5-6646-C495-DB7AB1DAA105}.Debug with Boost|Win32.ActiveCfg = Debug|Win32
		{39BD1AEC-87C5-6646-C495-DB7AB1DAA105}.Debug with Boost|Win32.Build.0 = Debug|Win32
		{39BD1AEC-87C5-6646-C495-DB7AB1DAA105}.Debug|Win32.ActiveCfg = Debug|Win32
		{39BD1AEC-87C5-6646-C495-DB7AB1DAA105}.Release with Boost|Win32.ActiveCfg = Release|Win32
		{39BD1AEC-87C5-6646-C495-DB7AB1DAA105}.Release with Boost|Win32.Build.0 = Release|Win32
		{39BD1AEC-87C5-6646-C495-DB7AB1DAA105}.Release|Win32.ActiveCfg = Release|Win32
		{4B6583E3-D36D-BF53-3976-936675F34426}.Debug with Boost|Win32.ActiveCfg = Debug|Win32
		{4B6583E3-D36D-BF53-3976-936675F34426}.Debug with Boost|Win32.Build.0 = Debug|Win32
		{4B6583E3-D36D-BF53-3976-936675F34426}.Debug|Win32.ActiveCfg = Debug|Win32
		{4B6583E3-D36D-BF53-3976-936675F34426}.Release with Boost|Win32.ActiveCfg = Release|Win32
		{4B6583E3-D36D-BF53-3976-936675F34426}.Release with Boost|Win32.Build.0 = Release|Win32
		{4B6583E3-D36D-BF53-3976-936675F34426}.Release|Win32.ActiveCfg = Release|Win32
		{C4153B21-4C1F-4B42-9D70-C3C31D75BDF3}.Debug with Boost|Win32.ActiveCfg = Debug|Win32
		{C4153B21-4C1F-4B42-9D70-C3C31D75BDF3}.Debug with Boost|Win32.Build.0 = Debug|Win32
		{C4153B21-4C1F-4B42-9D70-C3C31D75BDF3}.Debug|Win32.ActiveCfg = Debug|Win32
		{C4153B21-4C1F-4B42-9D70-C3C31D75BDF3}.Debug|Win32.Build.0 = Debug|Win32
		{C4153B21-4C1F-4B42-9D70-C3C31D75BDF3}.Release with Boost|Win32.ActiveCfg = Release|Win32
		{C4153B21-4C1F-4B42-9D70-C3C31D75BDF3}.Release with Boost|Win32.Build.0 = Release|Win32
		{C4153B21-4C1F-4B42-9D70-C3C31D75BDF3}.Release|Win32.ActiveCfg = Release|Win32
		{C4153B21-4C1F-4B42-9D70-C3C31D75BDF3}.Release|Win32.Build.0 = Release|Win32
		{8C796FDD-5BB9-41D5-8471-FFC897C8C486}.Debug with Boost|Win32.ActiveCfg = Debug with Boost|Win32
		{8C796FDD-5BB9-41D5-8471-FFC897C8C486}.Debug with Boost|Win32.Build.0 = Debug with Boost|Win32
		{8C796FDD-5BB9-41D5-8471-FFC897C8C486}.Debug|Win32.ActiveCfg = Debug|Win32
		{8C796FDD-5BB9-41D5-8471-FFC897C8C486}.Debug|Win32.Build.0 = Debug|Win32
		{8C796FDD-5BB9-41D5-8471-FFC897C8C486}.Release with Boost|Win32.ActiveCfg = Release with Boost|Win32
		{8C796FDD-5BB9-41D5-8471-FFC897C8C486}.Release with Boost|Win32.Build.0 = Release with Boost|Win32
		{8C796FDD-5BB9-41D5-8471-FFC897C8C486}.Release|Win32.ActiveCfg = Release|Win32
		{8C796FDD-5BB9-41D5-8471-FFC897C8C486}.Release|Win32.Build.0 = Release|Win32
	EndGlobalSection
	GlobalSection(SolutionProperties) = preSolution
		HideSolutionNode = FALSE
	EndGlobalSection
EndGlobal
